<?xml version="1.0" encoding="UTF-8" standalone="yes" ?>
<CodeBlocks_project_file>
	<FileVersion major="1" minor="6" />
	<Project>
		<Option title="hidtopad" />
		<Option makefile_is_custom="1" />
		<Option pch_mode="2" />
		<Option compiler="ppc-gcc" />
		<MakeCommands>
			<Build command="$make -f $makefile $target -j8" />
			<CompileFile command="$make -f $makefile $file" />
			<Clean command="make clean " />
			<DistClean command="$make -f $makefile distclean$target" />
			<AskRebuildNeeded command="$make -q -f $makefile $target" />
			<SilentBuild command="$make -f $makefile $target -j8 &gt; $(CMD_NULL)" />
		</MakeCommands>
		<Build>
			<Target title="build">
				<Option output="bin/Release/hidtopad" prefix_auto="1" extension_auto="1" />
				<Option object_output="obj/Release/" />
				<Option type="1" />
				<Option compiler="ppc-gcc" />
				<Compiler>
					<Add option="-O2" />
				</Compiler>
				<MakeCommands>
					<Build command="$make -f $makefile $target -j8" />
					<CompileFile command="$make -f $makefile $file" />
					<Clean command="$make -f $makefile clean$target" />
					<DistClean command="$make -f $makefile distclean$target" />
					<AskRebuildNeeded command="$make -q -f $makefile $target" />
					<SilentBuild command="$make -f $makefile $target -j8 &gt; $(CMD_NULL)" />
				</MakeCommands>
			</Target>
		</Build>
		<Compiler>
			<Add option="-Wall" />
		</Compiler>
		<Unit filename="build/Application.d" />
		<Unit filename="build/CSettings.d" />
		<Unit filename="build/ContentAbout.d" />
		<Unit filename="build/ContentController.d" />
		<Unit filename="build/ContentHelp.d" />
		<Unit filename="build/ContentHome.d" />
		<Unit filename="build/ContentNetworkHelp.d" />
		<Unit filename="build/ContentSettings.d" />
		<Unit filename="build/DefaultGuiCheckBox.d" />
		<Unit filename="build/DefaultGuiSwitch.d" />
		<Unit filename="build/GuiControllerInputDisplay.d" />
		<Unit filename="build/InputGetterMenu.d" />
		<Unit filename="build/MainWindow.d" />
		<Unit filename="build/MainWindowContent.d" />
		<Unit filename="build/MainWindowDRC.d" />
		<Unit filename="build/MainWindowTV.d" />
		<Unit filename="build/MenuElement.d" />
		<Unit filename="build/MenuElementController.d" />
		<Unit filename="build/MenuElementInfo.d" />
		<Unit filename="build/MenuListDRC.d" />
		<Unit filename="build/MenuSeperator.d" />
		<Unit filename="build/TVButtonController.d" />
		<Unit filename="build/TVControllerBanner.d" />
		<Unit filename="build/entry.d" />
		<Unit filename="build/filelist.d" />
		<Unit filename="build/gettext.d" />
		<Unit filename="build/hid_controller_function_patcher.d" />
		<Unit filename="build/main.d" />
		<Unit filename="build/retain_vars.d" />
		<Unit filename="libcontrollerpatcher/release/CPRetainVars.d" />
		<Unit filename="libcontrollerpatcher/release/ConfigParser.d" />
		<Unit filename="libcontrollerpatcher/release/ConfigReader.d" />
		<Unit filename="libcontrollerpatcher/release/ConfigValues.d" />
		<Unit filename="libcontrollerpatcher/release/ControllerPatcher.d" />
		<Unit filename="libcontrollerpatcher/release/ControllerPatcherHID.d" />
		<Unit filename="libcontrollerpatcher/release/ControllerPatcherNet.d" />
		<Unit filename="libcontrollerpatcher/release/ControllerPatcherUtils.d" />
		<Unit filename="libcontrollerpatcher/release/PadConst.d" />
		<Unit filename="libcontrollerpatcher/release/TCPServer.d" />
		<Unit filename="libcontrollerpatcher/release/UDPClient.d" />
		<Unit filename="libcontrollerpatcher/release/UDPServer.d" />
		<Unit filename="libcontrollerpatcher/source/ConfigReader.cpp" />
		<Unit filename="libcontrollerpatcher/source/ConfigReader.hpp" />
		<Unit filename="libcontrollerpatcher/source/ControllerPatcher.cpp" />
		<Unit filename="libcontrollerpatcher/source/ControllerPatcher.hpp" />
		<Unit filename="libcontrollerpatcher/source/ControllerPatcherDefs.h" />
		<Unit filename="libcontrollerpatcher/source/ControllerPatcherIncludes.hpp" />
		<Unit filename="libcontrollerpatcher/source/config/ConfigParser.cpp" />
		<Unit filename="libcontrollerpatcher/source/config/ConfigValues.cpp" />
		<Unit filename="libcontrollerpatcher/source/config/configparser.hpp" />
		<Unit filename="libcontrollerpatcher/source/config/configvalues.hpp" />
		<Unit filename="libcontrollerpatcher/source/network/ControllerPatcherNet.cpp" />
		<Unit filename="libcontrollerpatcher/source/network/ControllerPatcherNet.hpp" />
		<Unit filename="libcontrollerpatcher/source/network/TCPServer.cpp" />
		<Unit filename="libcontrollerpatcher/source/network/UDPClient.cpp" />
		<Unit filename="libcontrollerpatcher/source/network/UDPClient.hpp" />
		<Unit filename="libcontrollerpatcher/source/network/UDPServer.cpp" />
		<Unit filename="libcontrollerpatcher/source/network/UDPServer.hpp" />
		<Unit filename="libcontrollerpatcher/source/network/tcpserver.hpp" />
		<Unit filename="libcontrollerpatcher/source/patcher/ControllerPatcherHID.cpp" />
		<Unit filename="libcontrollerpatcher/source/patcher/ControllerPatcherHID.hpp" />
		<Unit filename="libcontrollerpatcher/source/patcher/ControllerPatcherUtils.cpp" />
		<Unit filename="libcontrollerpatcher/source/patcher/ControllerPatcherUtils.hpp" />
		<Unit filename="libcontrollerpatcher/source/utils/CPRetainVars.cpp" />
		<Unit filename="libcontrollerpatcher/source/utils/CPRetainVars.hpp" />
		<Unit filename="libcontrollerpatcher/source/utils/PadConst.cpp" />
		<Unit filename="libcontrollerpatcher/source/utils/PadConst.hpp" />
		<Unit filename="src/Application.cpp" />
		<Unit filename="src/Application.h" />
		<Unit filename="src/common/common.h" />
		<Unit filename="src/common/retain_vars.cpp" />
		<Unit filename="src/common/retain_vars.h" />
		<Unit filename="src/entry.c">
			<Option compilerVar="CC" />
		</Unit>
		<Unit filename="src/gui/DefaultGuiCheckBox.cpp" />
		<Unit filename="src/gui/DefaultGuiCheckBox.h" />
		<Unit filename="src/gui/DefaultGuiSwitch.cpp" />
		<Unit filename="src/gui/DefaultGuiSwitch.h" />
		<Unit filename="src/gui/GuiControllerInputDisplay.cpp" />
		<Unit filename="src/gui/GuiControllerInputDisplay.h" />
		<Unit filename="src/main.cpp" />
		<Unit filename="src/main.h" />
		<Unit filename="src/menu/InputGetterMenu.cpp" />
		<Unit filename="src/menu/InputGetterMenu.h" />
		<Unit filename="src/menu/MainWindow.cpp" />
		<Unit filename="src/menu/MainWindow.h" />
		<Unit filename="src/menu/drc/MainWindowContent.cpp" />
		<Unit filename="src/menu/drc/MainWindowContent.h" />
		<Unit filename="src/menu/drc/MainWindowDRC.cpp" />
		<Unit filename="src/menu/drc/MainWindowDRC.h" />
		<Unit filename="src/menu/drc/MenuElement.cpp" />
		<Unit filename="src/menu/drc/MenuElement.h" />
		<Unit filename="src/menu/drc/MenuElementController.cpp" />
		<Unit filename="src/menu/drc/MenuElementController.h" />
		<Unit filename="src/menu/drc/MenuElementInfo.cpp" />
		<Unit filename="src/menu/drc/MenuElementInfo.h" />
		<Unit filename="src/menu/drc/MenuListDRC.cpp" />
		<Unit filename="src/menu/drc/MenuListDRC.h" />
		<Unit filename="src/menu/drc/MenuSeperator.cpp" />
		<Unit filename="src/menu/drc/MenuSeperator.h" />
		<Unit filename="src/menu/drc/content/ContentAbout.cpp" />
		<Unit filename="src/menu/drc/content/ContentAbout.h" />
		<Unit filename="src/menu/drc/content/ContentController.cpp" />
		<Unit filename="src/menu/drc/content/ContentController.h" />
		<Unit filename="src/menu/drc/content/ContentHelp.cpp" />
		<Unit filename="src/menu/drc/content/ContentHelp.h" />
		<Unit filename="src/menu/drc/content/ContentHome.cpp" />
		<Unit filename="src/menu/drc/content/ContentHome.h" />
		<Unit filename="src/menu/drc/content/ContentNetworkHelp.cpp" />
		<Unit filename="src/menu/drc/content/ContentNetworkHelp.h" />
		<Unit filename="src/menu/drc/content/ContentSettings.cpp" />
		<Unit filename="src/menu/drc/content/ContentSettings.h" />
		<Unit filename="src/menu/drc/content/ContentTemplate.h" />
		<Unit filename="src/menu/tv/MainWindowTV.cpp" />
		<Unit filename="src/menu/tv/MainWindowTV.h" />
		<Unit filename="src/menu/tv/TVButtonController.cpp" />
		<Unit filename="src/menu/tv/TVButtonController.h" />
		<Unit filename="src/menu/tv/TVControllerBanner.cpp" />
		<Unit filename="src/menu/tv/TVControllerBanner.h" />
		<Unit filename="src/patcher/hid_controller_function_patcher.cpp" />
		<Unit filename="src/patcher/hid_controller_function_patcher.hpp" />
		<Unit filename="src/resources/filelist.cpp" />
		<Unit filename="src/settings/CSettings.cpp" />
		<Unit filename="src/settings/CSettings.h" />
		<Unit filename="src/settings/SettingsDefs.h" />
		<Unit filename="src/settings/SettingsEnums.h" />
		<Unit filename="src/version.h" />
		<Extensions>
			<code_completion />
			<envvars />
			<debugger />
			<lib_finder disable_auto="1" />
		</Extensions>
	</Project>
</CodeBlocks_project_file>
